
Microsoft Visual Studio Solution File, Format Version 12.00
# Visual Studio Version 16
VisualStudioVersion = 16.0.31321.278
MinimumVisualStudioVersion = 10.0.40219.1
Project("{FAE04EC0-301F-11D3-BF4B-00C04F79EFBC}") = "ClassLibrary7", "ClassLibrary7.csproj", "{04AD7C90-AC6F-4F20-8ED7-97E8BBEFBB41}"
EndProject
Project("{FAE04EC0-301F-11D3-BF4B-00C04F79EFBC}") = "ConsoleApp2", "..\ConsoleApp2\ConsoleApp2.csproj", "{E8C4BAB9-08C7-4665-AAC6-F136394AF0E3}"
EndProject
Global
	GlobalSection(SolutionConfigurationPlatforms) = preSolution
		Debug|Any CPU = Debug|Any CPU
		Release|Any CPU = Release|Any CPU
	EndGlobalSection
	GlobalSection(ProjectConfigurationPlatforms) = postSolution
		{04AD7C90-AC6F-4F20-8ED7-97E8BBEFBB41}.Debug|Any CPU.ActiveCfg = Debug|Any CPU
		{04AD7C90-AC6F-4F20-8ED7-97E8BBEFBB41}.Debug|Any CPU.Build.0 = Debug|Any CPU
		{04AD7C90-AC6F-4F20-8ED7-97E8BBEFBB41}.Release|Any CPU.ActiveCfg = Release|Any CPU
		{04AD7C90-AC6F-4F20-8ED7-97E8BBEFBB41}.Release|Any CPU.Build.0 = Release|Any CPU
		{E8C4BAB9-08C7-4665-AAC6-F136394AF0E3}.Debug|Any CPU.ActiveCfg = Debug|Any CPU
		{E8C4BAB9-08C7-4665-AAC6-F136394AF0E3}.Debug|Any CPU.Build.0 = Debug|Any CPU
		{E8C4BAB9-08C7-4665-AAC6-F136394AF0E3}.Release|Any CPU.ActiveCfg = Release|Any CPU
		{E8C4BAB9-08C7-4665-AAC6-F136394AF0E3}.Release|Any CPU.Build.0 = Release|Any CPU
	EndGlobalSection
	GlobalSection(SolutionProperties) = preSolution
		HideSolutionNode = FALSE
	EndGlobalSection
	GlobalSection(ExtensibilityGlobals) = postSolution
		SolutionGuid = {9912784B-5049-4B09-8A7E-5EFCDC4703DD}
	EndGlobalSection
EndGlobal
